
Microsoft Visual Studio Solution File, Format Version 12.00
# Visual Studio Version 17
VisualStudioVersion = 17.1.32414.318
MinimumVisualStudioVersion = 10.0.40219.1
Project("{FAE04EC0-301F-11D3-BF4B-00C04F79EFBC}") = "CoreProject", "CoreProject.csproj", "{1A0BE65E-A53D-463A-8AC5-86D1377FA359}"
EndProject
Project("{FAE04EC0-301F-11D3-BF4B-00C04F79EFBC}") = "CoreProjectTests", "..\CoreProjectTests\CoreProjectTests.csproj", "{2AB517C7-BB42-4ECF-AF8D-32B2CEEFC7FE}"
EndProject
Global
	GlobalSection(SolutionConfigurationPlatforms) = preSolution
		Debug|Any CPU = Debug|Any CPU
		Release|Any CPU = Release|Any CPU
	EndGlobalSection
	GlobalSection(ProjectConfigurationPlatforms) = postSolution
		{1A0BE65E-A53D-463A-8AC5-86D1377FA359}.Debug|Any CPU.ActiveCfg = Debug|Any CPU
		{1A0BE65E-A53D-463A-8AC5-86D1377FA359}.Debug|Any CPU.Build.0 = Debug|Any CPU
		{1A0BE65E-A53D-463A-8AC5-86D1377FA359}.Release|Any CPU.ActiveCfg = Release|Any CPU
		{1A0BE65E-A53D-463A-8AC5-86D1377FA359}.Release|Any CPU.Build.0 = Release|Any CPU
		{2AB517C7-BB42-4ECF-AF8D-32B2CEEFC7FE}.Debug|Any CPU.ActiveCfg = Debug|Any CPU
		{2AB517C7-BB42-4ECF-AF8D-32B2CEEFC7FE}.Debug|Any CPU.Build.0 = Debug|Any CPU
		{2AB517C7-BB42-4ECF-AF8D-32B2CEEFC7FE}.Release|Any CPU.ActiveCfg = Release|Any CPU
		{2AB517C7-BB42-4ECF-AF8D-32B2CEEFC7FE}.Release|Any CPU.Build.0 = Release|Any CPU
	EndGlobalSection
	GlobalSection(SolutionProperties) = preSolution
		HideSolutionNode = FALSE
	EndGlobalSection
	GlobalSection(ExtensibilityGlobals) = postSolution
		SolutionGuid = {8D64BAC9-31AE-45F3-AA91-14979E213350}
	EndGlobalSection
EndGlobal
